
Microsoft Visual Studio Solution File, Format Version 12.00
# Visual Studio Version 16
VisualStudioVersion = 16.0.32228.343
MinimumVisualStudioVersion = 10.0.40219.1
Project("{FAE04EC0-301F-11D3-BF4B-00C04F79EFBC}") = "TautologyCalculator", "TautologyCalculator\TautologyCalculator.csproj", "{BD67B61E-C6D5-4DF4-BE93-D26B6EAFABE1}"
EndProject
Global
	GlobalSection(SolutionConfigurationPlatforms) = preSolution
		Debug|Any CPU = Debug|Any CPU
		Release|Any CPU = Release|Any CPU
	EndGlobalSection
	GlobalSection(ProjectConfigurationPlatforms) = postSolution
		{BD67B61E-C6D5-4DF4-BE93-D26B6EAFABE1}.Debug|Any CPU.ActiveCfg = Debug|Any CPU
		{BD67B61E-C6D5-4DF4-BE93-D26B6EAFABE1}.Debug|Any CPU.Build.0 = Debug|Any CPU
		{BD67B61E-C6D5-4DF4-BE93-D26B6EAFABE1}.Release|Any CPU.ActiveCfg = Release|Any CPU
		{BD67B61E-C6D5-4DF4-BE93-D26B6EAFABE1}.Release|Any CPU.Build.0 = Release|Any CPU
	EndGlobalSection
	GlobalSection(SolutionProperties) = preSolution
		HideSolutionNode = FALSE
	EndGlobalSection
	GlobalSection(ExtensibilityGlobals) = postSolution
		SolutionGuid = {009AF216-A13C-40D9-B196-4FF8BC6A8C17}
	EndGlobalSection
EndGlobal
